
Microsoft Visual Studio Solution File, Format Version 12.00
# Visual Studio Version 17
VisualStudioVersion = 17.11.35312.102
MinimumVisualStudioVersion = 10.0.40219.1
Project("{FAE04EC0-301F-11D3-BF4B-00C04F79EFBC}") = "01_MainSubject", "01_MainSubject\01_MainSubject.csproj", "{9FFBD2EE-BA9C-49D6-AECC-7B29B8FC6FBB}"
EndProject
Project("{FAE04EC0-301F-11D3-BF4B-00C04F79EFBC}") = "02_Variables", "02_Variables\02_Variables.csproj", "{B7299927-37B5-4EBB-BAC6-A85884FD0EE8}"
EndProject
Global
	GlobalSection(SolutionConfigurationPlatforms) = preSolution
		Debug|Any CPU = Debug|Any CPU
		Release|Any CPU = Release|Any CPU
	EndGlobalSection
	GlobalSection(ProjectConfigurationPlatforms) = postSolution
		{9FFBD2EE-BA9C-49D6-AECC-7B29B8FC6FBB}.Debug|Any CPU.ActiveCfg = Debug|Any CPU
		{9FFBD2EE-BA9C-49D6-AECC-7B29B8FC6FBB}.Debug|Any CPU.Build.0 = Debug|Any CPU
		{9FFBD2EE-BA9C-49D6-AECC-7B29B8FC6FBB}.Release|Any CPU.ActiveCfg = Release|Any CPU
		{9FFBD2EE-BA9C-49D6-AECC-7B29B8FC6FBB}.Release|Any CPU.Build.0 = Release|Any CPU
		{B7299927-37B5-4EBB-BAC6-A85884FD0EE8}.Debug|Any CPU.ActiveCfg = Debug|Any CPU
		{B7299927-37B5-4EBB-BAC6-A85884FD0EE8}.Debug|Any CPU.Build.0 = Debug|Any CPU
		{B7299927-37B5-4EBB-BAC6-A85884FD0EE8}.Release|Any CPU.ActiveCfg = Release|Any CPU
		{B7299927-37B5-4EBB-BAC6-A85884FD0EE8}.Release|Any CPU.Build.0 = Release|Any CPU
	EndGlobalSection
	GlobalSection(SolutionProperties) = preSolution
		HideSolutionNode = FALSE
	EndGlobalSection
	GlobalSection(ExtensibilityGlobals) = postSolution
		SolutionGuid = {1C1D0307-CD28-43BF-ADD2-B213BF6BD2D1}
	EndGlobalSection
EndGlobal
